
Microsoft Visual Studio Solution File, Format Version 12.00
# Visual Studio Version 16
VisualStudioVersion = 16.0.31313.79
MinimumVisualStudioVersion = 10.0.40219.1
Project("{FAE04EC0-301F-11D3-BF4B-00C04F79EFBC}") = "B1", "B1\B1.csproj", "{4F4748D6-1B2E-44C7-BD02-D8291362174A}"
EndProject
Global
	GlobalSection(SolutionConfigurationPlatforms) = preSolution
		Debug|Any CPU = Debug|Any CPU
		Release|Any CPU = Release|Any CPU
	EndGlobalSection
	GlobalSection(ProjectConfigurationPlatforms) = postSolution
		{4F4748D6-1B2E-44C7-BD02-D8291362174A}.Debug|Any CPU.ActiveCfg = Debug|Any CPU
		{4F4748D6-1B2E-44C7-BD02-D8291362174A}.Debug|Any CPU.Build.0 = Debug|Any CPU
		{4F4748D6-1B2E-44C7-BD02-D8291362174A}.Release|Any CPU.ActiveCfg = Release|Any CPU
		{4F4748D6-1B2E-44C7-BD02-D8291362174A}.Release|Any CPU.Build.0 = Release|Any CPU
	EndGlobalSection
	GlobalSection(SolutionProperties) = preSolution
		HideSolutionNode = FALSE
	EndGlobalSection
	GlobalSection(ExtensibilityGlobals) = postSolution
		SolutionGuid = {CB1868E3-547B-4329-A997-166C2F36F785}
	EndGlobalSection
EndGlobal
