
Microsoft Visual Studio Solution File, Format Version 12.00
# Visual Studio Version 16
VisualStudioVersion = 16.0.31129.286
MinimumVisualStudioVersion = 10.0.40219.1
Project("{FAE04EC0-301F-11D3-BF4B-00C04F79EFBC}") = "btTH2", "btTH2.csproj", "{CE8ACC17-6E6A-46C9-B6B2-9FEA19AA09FE}"
EndProject
Global
	GlobalSection(SolutionConfigurationPlatforms) = preSolution
		Debug|Any CPU = Debug|Any CPU
		Release|Any CPU = Release|Any CPU
	EndGlobalSection
	GlobalSection(ProjectConfigurationPlatforms) = postSolution
		{CE8ACC17-6E6A-46C9-B6B2-9FEA19AA09FE}.Debug|Any CPU.ActiveCfg = Debug|Any CPU
		{CE8ACC17-6E6A-46C9-B6B2-9FEA19AA09FE}.Debug|Any CPU.Build.0 = Debug|Any CPU
		{CE8ACC17-6E6A-46C9-B6B2-9FEA19AA09FE}.Release|Any CPU.ActiveCfg = Release|Any CPU
		{CE8ACC17-6E6A-46C9-B6B2-9FEA19AA09FE}.Release|Any CPU.Build.0 = Release|Any CPU
	EndGlobalSection
	GlobalSection(SolutionProperties) = preSolution
		HideSolutionNode = FALSE
	EndGlobalSection
	GlobalSection(ExtensibilityGlobals) = postSolution
		SolutionGuid = {6F881F25-9CE4-4118-B264-1EFBAE079A4A}
	EndGlobalSection
EndGlobal
