
Microsoft Visual Studio Solution File, Format Version 12.00
# Visual Studio Version 16
VisualStudioVersion = 16.0.31402.337
MinimumVisualStudioVersion = 10.0.40219.1
Project("{FAE04EC0-301F-11D3-BF4B-00C04F79EFBC}") = "BT10", "BT10.csproj", "{D298A748-B6A4-484D-90C2-6EA0A611C343}"
EndProject
Global
	GlobalSection(SolutionConfigurationPlatforms) = preSolution
		Debug|Any CPU = Debug|Any CPU
		Release|Any CPU = Release|Any CPU
	EndGlobalSection
	GlobalSection(ProjectConfigurationPlatforms) = postSolution
		{D298A748-B6A4-484D-90C2-6EA0A611C343}.Debug|Any CPU.ActiveCfg = Debug|Any CPU
		{D298A748-B6A4-484D-90C2-6EA0A611C343}.Debug|Any CPU.Build.0 = Debug|Any CPU
		{D298A748-B6A4-484D-90C2-6EA0A611C343}.Release|Any CPU.ActiveCfg = Release|Any CPU
		{D298A748-B6A4-484D-90C2-6EA0A611C343}.Release|Any CPU.Build.0 = Release|Any CPU
	EndGlobalSection
	GlobalSection(SolutionProperties) = preSolution
		HideSolutionNode = FALSE
	EndGlobalSection
	GlobalSection(ExtensibilityGlobals) = postSolution
		SolutionGuid = {F6CCD4FD-C71C-4158-93F2-D2FB989DA5B0}
	EndGlobalSection
EndGlobal
