
Microsoft Visual Studio Solution File, Format Version 12.00
# Visual Studio Version 16
VisualStudioVersion = 16.0.31313.79
MinimumVisualStudioVersion = 10.0.40219.1
Project("{FAE04EC0-301F-11D3-BF4B-00C04F79EFBC}") = "b11", "b11\b11.csproj", "{E91EC08E-5686-421B-8766-6BDDBE50909B}"
EndProject
Global
	GlobalSection(SolutionConfigurationPlatforms) = preSolution
		Debug|Any CPU = Debug|Any CPU
		Release|Any CPU = Release|Any CPU
	EndGlobalSection
	GlobalSection(ProjectConfigurationPlatforms) = postSolution
		{E91EC08E-5686-421B-8766-6BDDBE50909B}.Debug|Any CPU.ActiveCfg = Debug|Any CPU
		{E91EC08E-5686-421B-8766-6BDDBE50909B}.Debug|Any CPU.Build.0 = Debug|Any CPU
		{E91EC08E-5686-421B-8766-6BDDBE50909B}.Release|Any CPU.ActiveCfg = Release|Any CPU
		{E91EC08E-5686-421B-8766-6BDDBE50909B}.Release|Any CPU.Build.0 = Release|Any CPU
	EndGlobalSection
	GlobalSection(SolutionProperties) = preSolution
		HideSolutionNode = FALSE
	EndGlobalSection
	GlobalSection(ExtensibilityGlobals) = postSolution
		SolutionGuid = {DDF02F49-2975-43C5-B87E-C67DE7F9DAB8}
	EndGlobalSection
EndGlobal
