
Microsoft Visual Studio Solution File, Format Version 12.00
# Visual Studio Version 16
VisualStudioVersion = 16.0.31313.79
MinimumVisualStudioVersion = 10.0.40219.1
Project("{FAE04EC0-301F-11D3-BF4B-00C04F79EFBC}") = "b13", "b13\b13.csproj", "{DCB21068-AA30-4EA5-A58B-D1DE156F72B6}"
EndProject
Global
	GlobalSection(SolutionConfigurationPlatforms) = preSolution
		Debug|Any CPU = Debug|Any CPU
		Release|Any CPU = Release|Any CPU
	EndGlobalSection
	GlobalSection(ProjectConfigurationPlatforms) = postSolution
		{DCB21068-AA30-4EA5-A58B-D1DE156F72B6}.Debug|Any CPU.ActiveCfg = Debug|Any CPU
		{DCB21068-AA30-4EA5-A58B-D1DE156F72B6}.Debug|Any CPU.Build.0 = Debug|Any CPU
		{DCB21068-AA30-4EA5-A58B-D1DE156F72B6}.Release|Any CPU.ActiveCfg = Release|Any CPU
		{DCB21068-AA30-4EA5-A58B-D1DE156F72B6}.Release|Any CPU.Build.0 = Release|Any CPU
	EndGlobalSection
	GlobalSection(SolutionProperties) = preSolution
		HideSolutionNode = FALSE
	EndGlobalSection
	GlobalSection(ExtensibilityGlobals) = postSolution
		SolutionGuid = {767EEE63-9C97-4529-854C-B30CB5B42851}
	EndGlobalSection
EndGlobal
